// !$*UTF8*$!
{
	archiveVersion = 1;
	classes = {
	};
	objectVersion = 46;
	objects = {

/* Begin PBXBuildFile section */
		210E08791E28FE7800161828 /* GoogleService-Info.plist in Resources */ = {isa = PBXBuildFile; fileRef = 210E08781E28FE7800161828 /* GoogleService-Info.plist */; };
		21C0476A1E27CAA600FD8964 /* CoreLocation.framework in Frameworks */ = {isa = PBXBuildFile; fileRef = 21C047691E27CAA600FD8964 /* CoreLocation.framework */; };
		21CBBCE41E28F8C50025B6A3 /* AddDealViewController.swift in Sources */ = {isa = PBXBuildFile; fileRef = 21CBBCD91E28F8C50025B6A3 /* AddDealViewController.swift */; };
		21CBBCE51E28F8C50025B6A3 /* AppDelegate.swift in Sources */ = {isa = PBXBuildFile; fileRef = 21CBBCDA1E28F8C50025B6A3 /* AppDelegate.swift */; };
		21CBBCE61E28F8C50025B6A3 /* Assets.xcassets in Resources */ = {isa = PBXBuildFile; fileRef = 21CBBCDB1E28F8C50025B6A3 /* Assets.xcassets */; };
		21CBBCE81E28F8C50025B6A3 /* Info.plist in Resources */ = {isa = PBXBuildFile; fileRef = 21CBBCDE1E28F8C50025B6A3 /* Info.plist */; };
		21CBBCE91E28F8C50025B6A3 /* LoginViewController.swift in Sources */ = {isa = PBXBuildFile; fileRef = 21CBBCDF1E28F8C50025B6A3 /* LoginViewController.swift */; };
		21CBBCEA1E28F8C50025B6A3 /* MapViewController.swift in Sources */ = {isa = PBXBuildFile; fileRef = 21CBBCE01E28F8C50025B6A3 /* MapViewController.swift */; };
		21CBBCEB1E28F8C50025B6A3 /* SearchDealViewController.swift in Sources */ = {isa = PBXBuildFile; fileRef = 21CBBCE11E28F8C50025B6A3 /* SearchDealViewController.swift */; };
		21CBBCEC1E28F8C50025B6A3 /* SignUpViewController.swift in Sources */ = {isa = PBXBuildFile; fileRef = 21CBBCE21E28F8C50025B6A3 /* SignUpViewController.swift */; };
		21CBBCED1E28F8C50025B6A3 /* User.swift in Sources */ = {isa = PBXBuildFile; fileRef = 21CBBCE31E28F8C50025B6A3 /* User.swift */; };
		21CBBCEF1E28F9800025B6A3 /* Main.storyboard in Resources */ = {isa = PBXBuildFile; fileRef = 21CBBCEE1E28F9800025B6A3 /* Main.storyboard */; };
		21CBBCF11E28F9870025B6A3 /* LaunchScreen.storyboard in Resources */ = {isa = PBXBuildFile; fileRef = 21CBBCF01E28F9870025B6A3 /* LaunchScreen.storyboard */; };
		21E61A361E2F749A004224CE /* CostumAnnotation.swift in Sources */ = {isa = PBXBuildFile; fileRef = 21E61A351E2F749A004224CE /* CostumAnnotation.swift */; };
		21E658101E2E570100828EF9 /* PROCESS.md in Sources */ = {isa = PBXBuildFile; fileRef = 21E6580F1E2E570100828EF9 /* PROCESS.md */; };
		21F1C6AA1E2CD6BC00C5C4CC /* Activity.swift in Sources */ = {isa = PBXBuildFile; fileRef = 21F1C6A91E2CD6BC00C5C4CC /* Activity.swift */; };
		21F88C3D1E3A215D00F2CEE0 /* InformationDealViewController.swift in Sources */ = {isa = PBXBuildFile; fileRef = 21F88C3C1E3A215D00F2CEE0 /* InformationDealViewController.swift */; };
		B4881E3E5D4524AF22BF0953 /* Pods_DailyDeals.framework in Frameworks */ = {isa = PBXBuildFile; fileRef = 8C47B5A19219205909B78111 /* Pods_DailyDeals.framework */; };
/* End PBXBuildFile section */

/* Begin PBXFileReference section */
		14954EA5E7DBF7D9262A5CFF /* Pods-DailyDeals.release.xcconfig */ = {isa = PBXFileReference; includeInIndex = 1; lastKnownFileType = text.xcconfig; name = "Pods-DailyDeals.release.xcconfig"; path = "Pods/Target Support Files/Pods-DailyDeals/Pods-DailyDeals.release.xcconfig"; sourceTree = "<group>"; };
		210E08781E28FE7800161828 /* GoogleService-Info.plist */ = {isa = PBXFileReference; fileEncoding = 4; lastKnownFileType = text.plist.xml; name = "GoogleService-Info.plist"; path = "../../../Downloads/GoogleService-Info.plist"; sourceTree = "<group>"; };
		21C047461E27B63F00FD8964 /* DailyDeals.app */ = {isa = PBXFileReference; explicitFileType = wrapper.application; includeInIndex = 0; path = DailyDeals.app; sourceTree = BUILT_PRODUCTS_DIR; };
		21C047691E27CAA600FD8964 /* CoreLocation.framework */ = {isa = PBXFileReference; lastKnownFileType = wrapper.framework; name = CoreLocation.framework; path = System/Library/Frameworks/CoreLocation.framework; sourceTree = SDKROOT; };
		21CBBCD91E28F8C50025B6A3 /* AddDealViewController.swift */ = {isa = PBXFileReference; fileEncoding = 4; lastKnownFileType = sourcecode.swift; name = AddDealViewController.swift; path = DailyDeals/AddDealViewController.swift; sourceTree = "<group>"; };
		21CBBCDA1E28F8C50025B6A3 /* AppDelegate.swift */ = {isa = PBXFileReference; fileEncoding = 4; lastKnownFileType = sourcecode.swift; name = AppDelegate.swift; path = DailyDeals/AppDelegate.swift; sourceTree = "<group>"; };
		21CBBCDB1E28F8C50025B6A3 /* Assets.xcassets */ = {isa = PBXFileReference; lastKnownFileType = folder.assetcatalog; name = Assets.xcassets; path = DailyDeals/Assets.xcassets; sourceTree = "<group>"; };
		21CBBCDD1E28F8C50025B6A3 /* DailyDeals.entitlements */ = {isa = PBXFileReference; fileEncoding = 4; lastKnownFileType = text.plist.entitlements; name = DailyDeals.entitlements; path = DailyDeals/DailyDeals.entitlements; sourceTree = "<group>"; };
		21CBBCDE1E28F8C50025B6A3 /* Info.plist */ = {isa = PBXFileReference; fileEncoding = 4; lastKnownFileType = text.plist.xml; name = Info.plist; path = DailyDeals/Info.plist; sourceTree = "<group>"; };
		21CBBCDF1E28F8C50025B6A3 /* LoginViewController.swift */ = {isa = PBXFileReference; fileEncoding = 4; lastKnownFileType = sourcecode.swift; name = LoginViewController.swift; path = DailyDeals/LoginViewController.swift; sourceTree = "<group>"; };
		21CBBCE01E28F8C50025B6A3 /* MapViewController.swift */ = {isa = PBXFileReference; fileEncoding = 4; lastKnownFileType = sourcecode.swift; name = MapViewController.swift; path = DailyDeals/MapViewController.swift; sourceTree = "<group>"; };
		21CBBCE11E28F8C50025B6A3 /* SearchDealViewController.swift */ = {isa = PBXFileReference; fileEncoding = 4; lastKnownFileType = sourcecode.swift; name = SearchDealViewController.swift; path = DailyDeals/SearchDealViewController.swift; sourceTree = "<group>"; };
		21CBBCE21E28F8C50025B6A3 /* SignUpViewController.swift */ = {isa = PBXFileReference; fileEncoding = 4; lastKnownFileType = sourcecode.swift; name = SignUpViewController.swift; path = DailyDeals/SignUpViewController.swift; sourceTree = "<group>"; };
		21CBBCE31E28F8C50025B6A3 /* User.swift */ = {isa = PBXFileReference; fileEncoding = 4; lastKnownFileType = sourcecode.swift; name = User.swift; path = DailyDeals/User.swift; sourceTree = "<group>"; };
		21CBBCEE1E28F9800025B6A3 /* Main.storyboard */ = {isa = PBXFileReference; fileEncoding = 4; lastKnownFileType = file.storyboard; name = Main.storyboard; path = DailyDeals/Base.lproj/Main.storyboard; sourceTree = "<group>"; };
		21CBBCF01E28F9870025B6A3 /* LaunchScreen.storyboard */ = {isa = PBXFileReference; fileEncoding = 4; lastKnownFileType = file.storyboard; name = LaunchScreen.storyboard; path = DailyDeals/Base.lproj/LaunchScreen.storyboard; sourceTree = "<group>"; };
		21E61A351E2F749A004224CE /* CostumAnnotation.swift */ = {isa = PBXFileReference; fileEncoding = 4; lastKnownFileType = sourcecode.swift; path = CostumAnnotation.swift; sourceTree = "<group>"; };
		21E6580F1E2E570100828EF9 /* PROCESS.md */ = {isa = PBXFileReference; fileEncoding = 4; lastKnownFileType = net.daringfireball.markdown; path = PROCESS.md; sourceTree = "<group>"; };
		21F1C6A91E2CD6BC00C5C4CC /* Activity.swift */ = {isa = PBXFileReference; fileEncoding = 4; lastKnownFileType = sourcecode.swift; path = Activity.swift; sourceTree = "<group>"; };
		21F88C3C1E3A215D00F2CEE0 /* InformationDealViewController.swift */ = {isa = PBXFileReference; fileEncoding = 4; lastKnownFileType = sourcecode.swift; path = InformationDealViewController.swift; sourceTree = "<group>"; };
		7BF2372F2F92A5D780571762 /* Pods-DailyDeals.debug.xcconfig */ = {isa = PBXFileReference; includeInIndex = 1; lastKnownFileType = text.xcconfig; name = "Pods-DailyDeals.debug.xcconfig"; path = "Pods/Target Support Files/Pods-DailyDeals/Pods-DailyDeals.debug.xcconfig"; sourceTree = "<group>"; };
		8C47B5A19219205909B78111 /* Pods_DailyDeals.framework */ = {isa = PBXFileReference; explicitFileType = wrapper.framework; includeInIndex = 0; path = Pods_DailyDeals.framework; sourceTree = BUILT_PRODUCTS_DIR; };
/* End PBXFileReference section */

/* Begin PBXFrameworksBuildPhase section */
		21C047431E27B63F00FD8964 /* Frameworks */ = {
			isa = PBXFrameworksBuildPhase;
			buildActionMask = 2147483647;
			files = (
				21C0476A1E27CAA600FD8964 /* CoreLocation.framework in Frameworks */,
				B4881E3E5D4524AF22BF0953 /* Pods_DailyDeals.framework in Frameworks */,
			);
			runOnlyForDeploymentPostprocessing = 0;
		};
/* End PBXFrameworksBuildPhase section */

/* Begin PBXGroup section */
		21C0473D1E27B63F00FD8964 = {
			isa = PBXGroup;
			children = (
				21F1C6AF1E2CF88900C5C4CC /* Views */,
				21F1C6AE1E2CF87600C5C4CC /* Controllers */,
				21F1C6AD1E2CF85E00C5C4CC /* Models */,
				21CBBCDB1E28F8C50025B6A3 /* Assets.xcassets */,
				21CBBCDD1E28F8C50025B6A3 /* DailyDeals.entitlements */,
				21CBBCDA1E28F8C50025B6A3 /* AppDelegate.swift */,
				21E6580F1E2E570100828EF9 /* PROCESS.md */,
				21CBBCDE1E28F8C50025B6A3 /* Info.plist */,
				210E08781E28FE7800161828 /* GoogleService-Info.plist */,
				21C047471E27B63F00FD8964 /* Products */,
				B4EC8F97C2E38B5FE3D3B0C5 /* Pods */,
				AD0C1442753A9B4868D1EF16 /* Frameworks */,
			);
			sourceTree = "<group>";
		};
		21C047471E27B63F00FD8964 /* Products */ = {
			isa = PBXGroup;
			children = (
				21C047461E27B63F00FD8964 /* DailyDeals.app */,
			);
			name = Products;
			sourceTree = "<group>";
		};
		21F1C6AD1E2CF85E00C5C4CC /* Models */ = {
			isa = PBXGroup;
			children = (
				21CBBCE31E28F8C50025B6A3 /* User.swift */,
				21E61A351E2F749A004224CE /* CostumAnnotation.swift */,
				21F1C6A91E2CD6BC00C5C4CC /* Activity.swift */,
			);
			name = Models;
			sourceTree = "<group>";
		};
		21F1C6AE1E2CF87600C5C4CC /* Controllers */ = {
			isa = PBXGroup;
			children = (
				21CBBCDF1E28F8C50025B6A3 /* LoginViewController.swift */,
				21CBBCD91E28F8C50025B6A3 /* AddDealViewController.swift */,
				21CBBCE01E28F8C50025B6A3 /* MapViewController.swift */,
				21F88C3C1E3A215D00F2CEE0 /* InformationDealViewController.swift */,
				21CBBCE11E28F8C50025B6A3 /* SearchDealViewController.swift */,
				21CBBCE21E28F8C50025B6A3 /* SignUpViewController.swift */,
			);
			name = Controllers;
			sourceTree = "<group>";
		};
		21F1C6AF1E2CF88900C5C4CC /* Views */ = {
			isa = PBXGroup;
			children = (
				21CBBCEE1E28F9800025B6A3 /* Main.storyboard */,
				21CBBCF01E28F9870025B6A3 /* LaunchScreen.storyboard */,
			);
			name = Views;
			sourceTree = "<group>";
		};
		AD0C1442753A9B4868D1EF16 /* Frameworks */ = {
			isa = PBXGroup;
			children = (
				21C047691E27CAA600FD8964 /* CoreLocation.framework */,
				8C47B5A19219205909B78111 /* Pods_DailyDeals.framework */,
			);
			name = Frameworks;
			sourceTree = "<group>";
		};
		B4EC8F97C2E38B5FE3D3B0C5 /* Pods */ = {
			isa = PBXGroup;
			children = (
				7BF2372F2F92A5D780571762 /* Pods-DailyDeals.debug.xcconfig */,
				14954EA5E7DBF7D9262A5CFF /* Pods-DailyDeals.release.xcconfig */,
			);
			name = Pods;
			sourceTree = "<group>";
		};
/* End PBXGroup section */

/* Begin PBXNativeTarget section */
		21C047451E27B63F00FD8964 /* DailyDeals */ = {
			isa = PBXNativeTarget;
			buildConfigurationList = 21C047581E27B63F00FD8964 /* Build configuration list for PBXNativeTarget "DailyDeals" */;
			buildPhases = (
				CD05D5398B3ACDFA3CF1226D /* [CP] Check Pods Manifest.lock */,
				21C047421E27B63F00FD8964 /* Sources */,
				21C047431E27B63F00FD8964 /* Frameworks */,
				21C047441E27B63F00FD8964 /* Resources */,
				E2549410709F896C0B24C0C7 /* [CP] Embed Pods Frameworks */,
				75F780907AB7AC1B9002389F /* [CP] Copy Pods Resources */,
			);
			buildRules = (
			);
			dependencies = (
			);
			name = DailyDeals;
			productName = DailyDeals;
			productReference = 21C047461E27B63F00FD8964 /* DailyDeals.app */;
			productType = "com.apple.product-type.application";
		};
/* End PBXNativeTarget section */

/* Begin PBXProject section */
		21C0473E1E27B63F00FD8964 /* Project object */ = {
			isa = PBXProject;
			attributes = {
				LastSwiftUpdateCheck = 0820;
				LastUpgradeCheck = 0820;
				ORGANIZATIONNAME = "Jill de Ron";
				TargetAttributes = {
					21C047451E27B63F00FD8964 = {
						CreatedOnToolsVersion = 8.2.1;
						DevelopmentTeam = D4DP5K9TQ5;
						ProvisioningStyle = Automatic;
						SystemCapabilities = {
							com.apple.Keychain = {
								enabled = 1;
							};
						};
					};
				};
			};
			buildConfigurationList = 21C047411E27B63F00FD8964 /* Build configuration list for PBXProject "DailyDeals" */;
			compatibilityVersion = "Xcode 3.2";
			developmentRegion = English;
			hasScannedForEncodings = 0;
			knownRegions = (
				en,
				Base,
			);
			mainGroup = 21C0473D1E27B63F00FD8964;
			productRefGroup = 21C047471E27B63F00FD8964 /* Products */;
			projectDirPath = "";
			projectRoot = "";
			targets = (
				21C047451E27B63F00FD8964 /* DailyDeals */,
			);
		};
/* End PBXProject section */

/* Begin PBXResourcesBuildPhase section */
		21C047441E27B63F00FD8964 /* Resources */ = {
			isa = PBXResourcesBuildPhase;
			buildActionMask = 2147483647;
			files = (
				21CBBCE81E28F8C50025B6A3 /* Info.plist in Resources */,
				21CBBCE61E28F8C50025B6A3 /* Assets.xcassets in Resources */,
				210E08791E28FE7800161828 /* GoogleService-Info.plist in Resources */,
				21CBBCF11E28F9870025B6A3 /* LaunchScreen.storyboard in Resources */,
				21CBBCEF1E28F9800025B6A3 /* Main.storyboard in Resources */,
			);
			runOnlyForDeploymentPostprocessing = 0;
		};
/* End PBXResourcesBuildPhase section */

/* Begin PBXShellScriptBuildPhase section */
		75F780907AB7AC1B9002389F /* [CP] Copy Pods Resources */ = {
			isa = PBXShellScriptBuildPhase;
			buildActionMask = 2147483647;
			files = (
			);
			inputPaths = (
			);
			name = "[CP] Copy Pods Resources";
			outputPaths = (
			);
			runOnlyForDeploymentPostprocessing = 0;
			shellPath = /bin/sh;
			shellScript = "\"${SRCROOT}/Pods/Target Support Files/Pods-DailyDeals/Pods-DailyDeals-resources.sh\"\n";
			showEnvVarsInLog = 0;
		};
		CD05D5398B3ACDFA3CF1226D /* [CP] Check Pods Manifest.lock */ = {
			isa = PBXShellScriptBuildPhase;
			buildActionMask = 2147483647;
			files = (
			);
			inputPaths = (
			);
			name = "[CP] Check Pods Manifest.lock";
			outputPaths = (
			);
			runOnlyForDeploymentPostprocessing = 0;
			shellPath = /bin/sh;
			shellScript = "diff \"${PODS_ROOT}/../Podfile.lock\" \"${PODS_ROOT}/Manifest.lock\" > /dev/null\nif [ $? != 0 ] ; then\n    # print error to STDERR\n    echo \"error: The sandbox is not in sync with the Podfile.lock. Run 'pod install' or update your CocoaPods installation.\" >&2\n    exit 1\nfi\n";
			showEnvVarsInLog = 0;
		};
		E2549410709F896C0B24C0C7 /* [CP] Embed Pods Frameworks */ = {
			isa = PBXShellScriptBuildPhase;
			buildActionMask = 2147483647;
			files = (
			);
			inputPaths = (
			);
			name = "[CP] Embed Pods Frameworks";
			outputPaths = (
			);
			runOnlyForDeploymentPostprocessing = 0;
			shellPath = /bin/sh;
			shellScript = "\"${SRCROOT}/Pods/Target Support Files/Pods-DailyDeals/Pods-DailyDeals-frameworks.sh\"\n";
			showEnvVarsInLog = 0;
		};
/* End PBXShellScriptBuildPhase section */

/* Begin PBXSourcesBuildPhase section */
		21C047421E27B63F00FD8964 /* Sources */ = {
			isa = PBXSourcesBuildPhase;
			buildActionMask = 2147483647;
			files = (
				21CBBCEC1E28F8C50025B6A3 /* SignUpViewController.swift in Sources */,
				21E61A361E2F749A004224CE /* CostumAnnotation.swift in Sources */,
				21CBBCE91E28F8C50025B6A3 /* LoginViewController.swift in Sources */,
				21CBBCE51E28F8C50025B6A3 /* AppDelegate.swift in Sources */,
				21CBBCE41E28F8C50025B6A3 /* AddDealViewController.swift in Sources */,
				21CBBCEA1E28F8C50025B6A3 /* MapViewController.swift in Sources */,
				21E658101E2E570100828EF9 /* PROCESS.md in Sources */,
				21CBBCEB1E28F8C50025B6A3 /* SearchDealViewController.swift in Sources */,
				21F1C6AA1E2CD6BC00C5C4CC /* Activity.swift in Sources */,
				21F88C3D1E3A215D00F2CEE0 /* InformationDealViewController.swift in Sources */,
				21CBBCED1E28F8C50025B6A3 /* User.swift in Sources */,
			);
			runOnlyForDeploymentPostprocessing = 0;
		};
/* End PBXSourcesBuildPhase section */

/* Begin XCBuildConfiguration section */
		21C047561E27B63F00FD8964 /* Debug */ = {
			isa = XCBuildConfiguration;
			buildSettings = {
				ALWAYS_SEARCH_USER_PATHS = NO;
				CLANG_ANALYZER_NONNULL = YES;
				CLANG_CXX_LANGUAGE_STANDARD = "gnu++0x";
				CLANG_CXX_LIBRARY = "libc++";
				CLANG_ENABLE_MODULES = YES;
				CLANG_ENABLE_OBJC_ARC = YES;
				CLANG_WARN_BOOL_CONVERSION = YES;
				CLANG_WARN_CONSTANT_CONVERSION = YES;
				CLANG_WARN_DIRECT_OBJC_ISA_USAGE = YES_ERROR;
				CLANG_WARN_DOCUMENTATION_COMMENTS = YES;
				CLANG_WARN_EMPTY_BODY = YES;
				CLANG_WARN_ENUM_CONVERSION = YES;
				CLANG_WARN_INFINITE_RECURSION = YES;
				CLANG_WARN_INT_CONVERSION = YES;
				CLANG_WARN_OBJC_ROOT_CLASS = YES_ERROR;
				CLANG_WARN_SUSPICIOUS_MOVE = YES;
				CLANG_WARN_UNREACHABLE_CODE = YES;
				CLANG_WARN__DUPLICATE_METHOD_MATCH = YES;
				"CODE_SIGN_IDENTITY[sdk=iphoneos*]" = "iPhone Developer";
				COPY_PHASE_STRIP = NO;
				DEBUG_INFORMATION_FORMAT = dwarf;
				ENABLE_STRICT_OBJC_MSGSEND = YES;
				ENABLE_TESTABILITY = YES;
				GCC_C_LANGUAGE_STANDARD = gnu99;
				GCC_DYNAMIC_NO_PIC = NO;
				GCC_NO_COMMON_BLOCKS = YES;
				GCC_OPTIMIZATION_LEVEL = 0;
				GCC_PREPROCESSOR_DEFINITIONS = (
					"DEBUG=1",
					"$(inherited)",
				);
				GCC_WARN_64_TO_32_BIT_CONVERSION = YES;
				GCC_WARN_ABOUT_RETURN_TYPE = YES_ERROR;
				GCC_WARN_UNDECLARED_SELECTOR = YES;
				GCC_WARN_UNINITIALIZED_AUTOS = YES_AGGRESSIVE;
				GCC_WARN_UNUSED_FUNCTION = YES;
				GCC_WARN_UNUSED_VARIABLE = YES;
				IPHONEOS_DEPLOYMENT_TARGET = 10.2;
				MTL_ENABLE_DEBUG_INFO = YES;
				ONLY_ACTIVE_ARCH = YES;
				SDKROOT = iphoneos;
				SWIFT_ACTIVE_COMPILATION_CONDITIONS = DEBUG;
				SWIFT_OPTIMIZATION_LEVEL = "-Onone";
				TARGETED_DEVICE_FAMILY = "1,2";
			};
			name = Debug;
		};
		21C047571E27B63F00FD8964 /* Release */ = {
			isa = XCBuildConfiguration;
			buildSettings = {
				ALWAYS_SEARCH_USER_PATHS = NO;
				CLANG_ANALYZER_NONNULL = YES;
				CLANG_CXX_LANGUAGE_STANDARD = "gnu++0x";
				CLANG_CXX_LIBRARY = "libc++";
				CLANG_ENABLE_MODULES = YES;
				CLANG_ENABLE_OBJC_ARC = YES;
				CLANG_WARN_BOOL_CONVERSION = YES;
				CLANG_WARN_CONSTANT_CONVERSION = YES;
				CLANG_WARN_DIRECT_OBJC_ISA_USAGE = YES_ERROR;
				CLANG_WARN_DOCUMENTATION_COMMENTS = YES;
				CLANG_WARN_EMPTY_BODY = YES;
				CLANG_WARN_ENUM_CONVERSION = YES;
				CLANG_WARN_INFINITE_RECURSION = YES;
				CLANG_WARN_INT_CONVERSION = YES;
				CLANG_WARN_OBJC_ROOT_CLASS = YES_ERROR;
				CLANG_WARN_SUSPICIOUS_MOVE = YES;
				CLANG_WARN_UNREACHABLE_CODE = YES;
				CLANG_WARN__DUPLICATE_METHOD_MATCH = YES;
				"CODE_SIGN_IDENTITY[sdk=iphoneos*]" = "iPhone Developer";
				COPY_PHASE_STRIP = NO;
				DEBUG_INFORMATION_FORMAT = "dwarf-with-dsym";
				ENABLE_NS_ASSERTIONS = NO;
				ENABLE_STRICT_OBJC_MSGSEND = YES;
				GCC_C_LANGUAGE_STANDARD = gnu99;
				GCC_NO_COMMON_BLOCKS = YES;
				GCC_WARN_64_TO_32_BIT_CONVERSION = YES;
				GCC_WARN_ABOUT_RETURN_TYPE = YES_ERROR;
				GCC_WARN_UNDECLARED_SELECTOR = YES;
				GCC_WARN_UNINITIALIZED_AUTOS = YES_AGGRESSIVE;
				GCC_WARN_UNUSED_FUNCTION = YES;
				GCC_WARN_UNUSED_VARIABLE = YES;
				IPHONEOS_DEPLOYMENT_TARGET = 10.2;
				MTL_ENABLE_DEBUG_INFO = NO;
				SDKROOT = iphoneos;
				SWIFT_OPTIMIZATION_LEVEL = "-Owholemodule";
				TARGETED_DEVICE_FAMILY = "1,2";
				VALIDATE_PRODUCT = YES;
			};
			name = Release;
		};
		21C047591E27B63F00FD8964 /* Debug */ = {
			isa = XCBuildConfiguration;
			baseConfigurationReference = 7BF2372F2F92A5D780571762 /* Pods-DailyDeals.debug.xcconfig */;
			buildSettings = {
				ASSETCATALOG_COMPILER_APPICON_NAME = AppIcon;
				CODE_SIGN_ENTITLEMENTS = DailyDeals/DailyDeals.entitlements;
				DEVELOPMENT_TEAM = D4DP5K9TQ5;
				INFOPLIST_FILE = DailyDeals/Info.plist;
				LD_RUNPATH_SEARCH_PATHS = "$(inherited) @executable_path/Frameworks";
				PRODUCT_BUNDLE_IDENTIFIER = mprog.nl.DailyDeals;
				PRODUCT_NAME = "$(TARGET_NAME)";
				SWIFT_VERSION = 3.0;
			};
			name = Debug;
		};
		21C0475A1E27B63F00FD8964 /* Release */ = {
			isa = XCBuildConfiguration;
			baseConfigurationReference = 14954EA5E7DBF7D9262A5CFF /* Pods-DailyDeals.release.xcconfig */;
			buildSettings = {
				ASSETCATALOG_COMPILER_APPICON_NAME = AppIcon;
				CODE_SIGN_ENTITLEMENTS = DailyDeals/DailyDeals.entitlements;
				DEVELOPMENT_TEAM = D4DP5K9TQ5;
				INFOPLIST_FILE = DailyDeals/Info.plist;
				LD_RUNPATH_SEARCH_PATHS = "$(inherited) @executable_path/Frameworks";
				PRODUCT_BUNDLE_IDENTIFIER = mprog.nl.DailyDeals;
				PRODUCT_NAME = "$(TARGET_NAME)";
				SWIFT_VERSION = 3.0;
			};
			name = Release;
		};
/* End XCBuildConfiguration section */

/* Begin XCConfigurationList section */
		21C047411E27B63F00FD8964 /* Build configuration list for PBXProject "DailyDeals" */ = {
			isa = XCConfigurationList;
			buildConfigurations = (
				21C047561E27B63F00FD8964 /* Debug */,
				21C047571E27B63F00FD8964 /* Release */,
			);
			defaultConfigurationIsVisible = 0;
			defaultConfigurationName = Release;
		};
		21C047581E27B63F00FD8964 /* Build configuration list for PBXNativeTarget "DailyDeals" */ = {
			isa = XCConfigurationList;
			buildConfigurations = (
				21C047591E27B63F00FD8964 /* Debug */,
				21C0475A1E27B63F00FD8964 /* Release */,
			);
			defaultConfigurationIsVisible = 0;
			defaultConfigurationName = Release;
		};
/* End XCConfigurationList section */
	};
	rootObject = 21C0473E1E27B63F00FD8964 /* Project object */;
}
